
Microsoft Visual Studio Solution File, Format Version 12.00
# Visual Studio Version 17
VisualStudioVersion = 17.0.31903.59
MinimumVisualStudioVersion = 10.0.40219.1
Project("{FAE04EC0-301F-11D3-BF4B-00C04F79EFBC}") = "ShakabaArchive", "ShakabaArchive\ShakabaArchive.csproj", "{6E972223-E60D-4CE7-87F1-955D850E27F9}"
EndProject
Project("{FAE04EC0-301F-11D3-BF4B-00C04F79EFBC}") = "ShakabaArchive.Core", "ShakabaArchive.Core\ShakabaArchive.Core.csproj", "{499FAB98-BA75-4FCF-B64E-4C5EB93339CE}"
EndProject
Project("{FAE04EC0-301F-11D3-BF4B-00C04F79EFBC}") = "ShakabaArchive.Web", "ShakabaArchive.Web\ShakabaArchive.Web.csproj", "{641D5160-CB20-4CD2-9E21-A9E9772BC93A}"
EndProject
Global
	GlobalSection(SolutionConfigurationPlatforms) = preSolution
		Debug|Any CPU = Debug|Any CPU
		Debug|x64 = Debug|x64
		Debug|x86 = Debug|x86
		Release|Any CPU = Release|Any CPU
		Release|x64 = Release|x64
		Release|x86 = Release|x86
	EndGlobalSection
	GlobalSection(ProjectConfigurationPlatforms) = postSolution
		{6E972223-E60D-4CE7-87F1-955D850E27F9}.Debug|Any CPU.ActiveCfg = Debug|Any CPU
		{6E972223-E60D-4CE7-87F1-955D850E27F9}.Debug|Any CPU.Build.0 = Debug|Any CPU
		{6E972223-E60D-4CE7-87F1-955D850E27F9}.Debug|x64.ActiveCfg = Debug|Any CPU
		{6E972223-E60D-4CE7-87F1-955D850E27F9}.Debug|x64.Build.0 = Debug|Any CPU
		{6E972223-E60D-4CE7-87F1-955D850E27F9}.Debug|x86.ActiveCfg = Debug|Any CPU
		{6E972223-E60D-4CE7-87F1-955D850E27F9}.Debug|x86.Build.0 = Debug|Any CPU
		{6E972223-E60D-4CE7-87F1-955D850E27F9}.Release|Any CPU.ActiveCfg = Release|Any CPU
		{6E972223-E60D-4CE7-87F1-955D850E27F9}.Release|Any CPU.Build.0 = Release|Any CPU
		{6E972223-E60D-4CE7-87F1-955D850E27F9}.Release|x64.ActiveCfg = Release|Any CPU
		{6E972223-E60D-4CE7-87F1-955D850E27F9}.Release|x64.Build.0 = Release|Any CPU
		{6E972223-E60D-4CE7-87F1-955D850E27F9}.Release|x86.ActiveCfg = Release|Any CPU
		{6E972223-E60D-4CE7-87F1-955D850E27F9}.Release|x86.Build.0 = Release|Any CPU
		{499FAB98-BA75-4FCF-B64E-4C5EB93339CE}.Debug|Any CPU.ActiveCfg = Debug|Any CPU
		{499FAB98-BA75-4FCF-B64E-4C5EB93339CE}.Debug|Any CPU.Build.0 = Debug|Any CPU
		{499FAB98-BA75-4FCF-B64E-4C5EB93339CE}.Debug|x64.ActiveCfg = Debug|Any CPU
		{499FAB98-BA75-4FCF-B64E-4C5EB93339CE}.Debug|x64.Build.0 = Debug|Any CPU
		{499FAB98-BA75-4FCF-B64E-4C5EB93339CE}.Debug|x86.ActiveCfg = Debug|Any CPU
		{499FAB98-BA75-4FCF-B64E-4C5EB93339CE}.Debug|x86.Build.0 = Debug|Any CPU
		{499FAB98-BA75-4FCF-B64E-4C5EB93339CE}.Release|Any CPU.ActiveCfg = Release|Any CPU
		{499FAB98-BA75-4FCF-B64E-4C5EB93339CE}.Release|Any CPU.Build.0 = Release|Any CPU
		{499FAB98-BA75-4FCF-B64E-4C5EB93339CE}.Release|x64.ActiveCfg = Release|Any CPU
		{499FAB98-BA75-4FCF-B64E-4C5EB93339CE}.Release|x64.Build.0 = Release|Any CPU
		{499FAB98-BA75-4FCF-B64E-4C5EB93339CE}.Release|x86.ActiveCfg = Release|Any CPU
		{499FAB98-BA75-4FCF-B64E-4C5EB93339CE}.Release|x86.Build.0 = Release|Any CPU
		{641D5160-CB20-4CD2-9E21-A9E9772BC93A}.Debug|Any CPU.ActiveCfg = Debug|Any CPU
		{641D5160-CB20-4CD2-9E21-A9E9772BC93A}.Debug|Any CPU.Build.0 = Debug|Any CPU
		{641D5160-CB20-4CD2-9E21-A9E9772BC93A}.Debug|x64.ActiveCfg = Debug|Any CPU
		{641D5160-CB20-4CD2-9E21-A9E9772BC93A}.Debug|x64.Build.0 = Debug|Any CPU
		{641D5160-CB20-4CD2-9E21-A9E9772BC93A}.Debug|x86.ActiveCfg = Debug|Any CPU
		{641D5160-CB20-4CD2-9E21-A9E9772BC93A}.Debug|x86.Build.0 = Debug|Any CPU
		{641D5160-CB20-4CD2-9E21-A9E9772BC93A}.Release|Any CPU.ActiveCfg = Release|Any CPU
		{641D5160-CB20-4CD2-9E21-A9E9772BC93A}.Release|Any CPU.Build.0 = Release|Any CPU
		{641D5160-CB20-4CD2-9E21-A9E9772BC93A}.Release|x64.ActiveCfg = Release|Any CPU
		{641D5160-CB20-4CD2-9E21-A9E9772BC93A}.Release|x64.Build.0 = Release|Any CPU
		{641D5160-CB20-4CD2-9E21-A9E9772BC93A}.Release|x86.ActiveCfg = Release|Any CPU
		{641D5160-CB20-4CD2-9E21-A9E9772BC93A}.Release|x86.Build.0 = Release|Any CPU
	EndGlobalSection
	GlobalSection(SolutionProperties) = preSolution
		HideSolutionNode = FALSE
	EndGlobalSection
EndGlobal
